
Microsoft Visual Studio Solution File, Format Version 12.00
# Visual Studio 15
VisualStudioVersion = 15.0.28010.2026
MinimumVisualStudioVersion = 10.0.40219.1
Project("{FAE04EC0-301F-11D3-BF4B-00C04F79EFBC}") = "SumFinder", "SumFinder\SumFinder.csproj", "{7AC01179-D43D-45AE-82F9-D2BB3E4563A6}"
EndProject
Global
	GlobalSection(SolutionConfigurationPlatforms) = preSolution
		Debug|Any CPU = Debug|Any CPU
		Release|Any CPU = Release|Any CPU
	EndGlobalSection
	GlobalSection(ProjectConfigurationPlatforms) = postSolution
		{7AC01179-D43D-45AE-82F9-D2BB3E4563A6}.Debug|Any CPU.ActiveCfg = Debug|Any CPU
		{7AC01179-D43D-45AE-82F9-D2BB3E4563A6}.Debug|Any CPU.Build.0 = Debug|Any CPU
		{7AC01179-D43D-45AE-82F9-D2BB3E4563A6}.Release|Any CPU.ActiveCfg = Release|Any CPU
		{7AC01179-D43D-45AE-82F9-D2BB3E4563A6}.Release|Any CPU.Build.0 = Release|Any CPU
	EndGlobalSection
	GlobalSection(SolutionProperties) = preSolution
		HideSolutionNode = FALSE
	EndGlobalSection
	GlobalSection(ExtensibilityGlobals) = postSolution
		SolutionGuid = {6397AAB9-CC3D-44BD-B922-FE6CC4283ED2}
	EndGlobalSection
EndGlobal
